// !$*UTF8*$!
{
	archiveVersion = 1;
	classes = {
	};
	objectVersion = 46;
	objects = {

/* Begin PBXBuildFile section */
		270831E51E1B840E0013FC70 /* RecommendViewModel.swift in Sources */ = {isa = PBXBuildFile; fileRef = 270831E41E1B840E0013FC70 /* RecommendViewModel.swift */; };
		2725AC2E1DFD4FA200681145 /* AppDelegate.swift in Sources */ = {isa = PBXBuildFile; fileRef = 2725AC2D1DFD4FA200681145 /* AppDelegate.swift */; };
		2725AC351DFD4FA200681145 /* Assets.xcassets in Resources */ = {isa = PBXBuildFile; fileRef = 2725AC341DFD4FA200681145 /* Assets.xcassets */; };
		2725AC4E1DFD4FA200681145 /* DouYuZhiBoUITests.swift in Sources */ = {isa = PBXBuildFile; fileRef = 2725AC4D1DFD4FA200681145 /* DouYuZhiBoUITests.swift */; };
		2772D7361DFFC0BB00FB329E /* MainViewController.swift in Sources */ = {isa = PBXBuildFile; fileRef = 2772D7331DFFC0BB00FB329E /* MainViewController.swift */; };
		2772D7411DFFC10F00FB329E /* HomeViewController.swift in Sources */ = {isa = PBXBuildFile; fileRef = 2772D7401DFFC10F00FB329E /* HomeViewController.swift */; };
		2772D7441DFFDBF300FB329E /* UIBarButtonItem-Extension.swift in Sources */ = {isa = PBXBuildFile; fileRef = 2772D7431DFFDBF300FB329E /* UIBarButtonItem-Extension.swift */; };
		2772D7481E002A1100FB329E /* Main.storyboard in Resources */ = {isa = PBXBuildFile; fileRef = 2772D7471E002A1100FB329E /* Main.storyboard */; };
		2772D74A1E002A8C00FB329E /* Me.storyboard in Resources */ = {isa = PBXBuildFile; fileRef = 2772D7491E002A8C00FB329E /* Me.storyboard */; };
		2772D74C1E002A9600FB329E /* Live.storyboard in Resources */ = {isa = PBXBuildFile; fileRef = 2772D74B1E002A9600FB329E /* Live.storyboard */; };
		2772D74E1E002A9F00FB329E /* Follow.storyboard in Resources */ = {isa = PBXBuildFile; fileRef = 2772D74D1E002A9F00FB329E /* Follow.storyboard */; };
		2772D7501E002AC500FB329E /* Home.storyboard in Resources */ = {isa = PBXBuildFile; fileRef = 2772D74F1E002AC500FB329E /* Home.storyboard */; };
		2793BAA21E1B941100D98E92 /* NSDate-Extension.swift in Sources */ = {isa = PBXBuildFile; fileRef = 2793BAA11E1B941100D98E92 /* NSDate-Extension.swift */; };
		2793BAA41E1B970800D98E92 /* AnchorGroup.swift in Sources */ = {isa = PBXBuildFile; fileRef = 2793BAA31E1B970800D98E92 /* AnchorGroup.swift */; };
		2793BAA61E1C2E3B00D98E92 /* AnchorModel.swift in Sources */ = {isa = PBXBuildFile; fileRef = 2793BAA51E1C2E3B00D98E92 /* AnchorModel.swift */; };
		2793BAA81E1CD1F700D98E92 /* CollectionBaseCell.swift in Sources */ = {isa = PBXBuildFile; fileRef = 2793BAA71E1CD1F700D98E92 /* CollectionBaseCell.swift */; };
		2793BAAA1E1CE0D700D98E92 /* RecommendCycleView.swift in Sources */ = {isa = PBXBuildFile; fileRef = 2793BAA91E1CE0D700D98E92 /* RecommendCycleView.swift */; };
		27A43F751E20B94C001AC2CD /* CycleModel.swift in Sources */ = {isa = PBXBuildFile; fileRef = 27A43F741E20B94C001AC2CD /* CycleModel.swift */; };
		27A43F781E20BF18001AC2CD /* CollectionViewCycleCell.swift in Sources */ = {isa = PBXBuildFile; fileRef = 27A43F761E20BF18001AC2CD /* CollectionViewCycleCell.swift */; };
		27A43F791E20BF18001AC2CD /* CollectionViewCycleCell.xib in Resources */ = {isa = PBXBuildFile; fileRef = 27A43F771E20BF18001AC2CD /* CollectionViewCycleCell.xib */; };
		27A43F7B1E210A0D001AC2CD /* RecommendGameView.swift in Sources */ = {isa = PBXBuildFile; fileRef = 27A43F7A1E210A0D001AC2CD /* RecommendGameView.swift */; };
		27A43F7E1E212B8D001AC2CD /* CollectionViewGameCell.swift in Sources */ = {isa = PBXBuildFile; fileRef = 27A43F7C1E212B8D001AC2CD /* CollectionViewGameCell.swift */; };
		27A43F7F1E212B8D001AC2CD /* CollectionViewGameCell.xib in Resources */ = {isa = PBXBuildFile; fileRef = 27A43F7D1E212B8D001AC2CD /* CollectionViewGameCell.xib */; };
		27AC11CA1E01743F00EE6AE2 /* PageTitleView.swift in Sources */ = {isa = PBXBuildFile; fileRef = 27AC11C91E01743F00EE6AE2 /* PageTitleView.swift */; };
		27AC11CC1E0177DD00EE6AE2 /* Common.swift in Sources */ = {isa = PBXBuildFile; fileRef = 27AC11CB1E0177DD00EE6AE2 /* Common.swift */; };
		27BFB9641E02650A00A3ADA6 /* UIColor-Extension.swift in Sources */ = {isa = PBXBuildFile; fileRef = 27BFB9631E02650A00A3ADA6 /* UIColor-Extension.swift */; };
		27BFB9661E0265B200A3ADA6 /* PageContentView.swift in Sources */ = {isa = PBXBuildFile; fileRef = 27BFB9651E0265B200A3ADA6 /* PageContentView.swift */; };
		27EEFC111E17622100612F43 /* RecommendViewController.swift in Sources */ = {isa = PBXBuildFile; fileRef = 27EEFC101E17622100612F43 /* RecommendViewController.swift */; };
		27F951931E179383003078E5 /* CollectionPrettyFaceCell.swift in Sources */ = {isa = PBXBuildFile; fileRef = 27F951921E179383003078E5 /* CollectionPrettyFaceCell.swift */; };
		27F951951E17A9C6003078E5 /* CollectionNormalCell.swift in Sources */ = {isa = PBXBuildFile; fileRef = 27F951941E17A9C6003078E5 /* CollectionNormalCell.swift */; };
		27F951971E17B4D3003078E5 /* CollectionHeaderView.swift in Sources */ = {isa = PBXBuildFile; fileRef = 27F951961E17B4D3003078E5 /* CollectionHeaderView.swift */; };
		27F951991E17EEE5003078E5 /* NetWorkingTool.swift in Sources */ = {isa = PBXBuildFile; fileRef = 27F951981E17EEE5003078E5 /* NetWorkingTool.swift */; };
		2E48C543ECC1CDC9BCC1BBFC /* Pods_DouYuZhiBo.framework in Frameworks */ = {isa = PBXBuildFile; fileRef = 05B1D74B214E9839B04A1109 /* Pods_DouYuZhiBo.framework */; };
/* End PBXBuildFile section */

/* Begin PBXContainerItemProxy section */
		2725AC3F1DFD4FA200681145 /* PBXContainerItemProxy */ = {
			isa = PBXContainerItemProxy;
			containerPortal = 2725AC221DFD4FA200681145 /* Project object */;
			proxyType = 1;
			remoteGlobalIDString = 2725AC291DFD4FA200681145;
			remoteInfo = DouYuZhiBo;
		};
		2725AC4A1DFD4FA200681145 /* PBXContainerItemProxy */ = {
			isa = PBXContainerItemProxy;
			containerPortal = 2725AC221DFD4FA200681145 /* Project object */;
			proxyType = 1;
			remoteGlobalIDString = 2725AC291DFD4FA200681145;
			remoteInfo = DouYuZhiBo;
		};
/* End PBXContainerItemProxy section */

/* Begin PBXFileReference section */
		05B1D74B214E9839B04A1109 /* Pods_DouYuZhiBo.framework */ = {isa = PBXFileReference; explicitFileType = wrapper.framework; includeInIndex = 0; path = Pods_DouYuZhiBo.framework; sourceTree = BUILT_PRODUCTS_DIR; };
		23BF8308054DBB7EA9563E90 /* Pods-DouYuZhiBo.debug.xcconfig */ = {isa = PBXFileReference; includeInIndex = 1; lastKnownFileType = text.xcconfig; name = "Pods-DouYuZhiBo.debug.xcconfig"; path = "Pods/Target Support Files/Pods-DouYuZhiBo/Pods-DouYuZhiBo.debug.xcconfig"; sourceTree = "<group>"; };
		25CC615CFEE2B392E468D4F6 /* Pods-DouYuZhiBo.release.xcconfig */ = {isa = PBXFileReference; includeInIndex = 1; lastKnownFileType = text.xcconfig; name = "Pods-DouYuZhiBo.release.xcconfig"; path = "Pods/Target Support Files/Pods-DouYuZhiBo/Pods-DouYuZhiBo.release.xcconfig"; sourceTree = "<group>"; };
		270831E41E1B840E0013FC70 /* RecommendViewModel.swift */ = {isa = PBXFileReference; fileEncoding = 4; lastKnownFileType = sourcecode.swift; path = RecommendViewModel.swift; sourceTree = "<group>"; };
		2725AC2A1DFD4FA200681145 /* DouYuZhiBo.app */ = {isa = PBXFileReference; explicitFileType = wrapper.application; includeInIndex = 0; path = DouYuZhiBo.app; sourceTree = BUILT_PRODUCTS_DIR; };
		2725AC2D1DFD4FA200681145 /* AppDelegate.swift */ = {isa = PBXFileReference; lastKnownFileType = sourcecode.swift; path = AppDelegate.swift; sourceTree = "<group>"; };
		2725AC341DFD4FA200681145 /* Assets.xcassets */ = {isa = PBXFileReference; lastKnownFileType = folder.assetcatalog; path = Assets.xcassets; sourceTree = "<group>"; };
		2725AC391DFD4FA200681145 /* Info.plist */ = {isa = PBXFileReference; lastKnownFileType = text.plist.xml; path = Info.plist; sourceTree = "<group>"; };
		2725AC3E1DFD4FA200681145 /* DouYuZhiBoTests.xctest */ = {isa = PBXFileReference; explicitFileType = wrapper.cfbundle; includeInIndex = 0; path = DouYuZhiBoTests.xctest; sourceTree = BUILT_PRODUCTS_DIR; };
		2725AC441DFD4FA200681145 /* Info.plist */ = {isa = PBXFileReference; lastKnownFileType = text.plist.xml; path = Info.plist; sourceTree = "<group>"; };
		2725AC491DFD4FA200681145 /* DouYuZhiBoUITests.xctest */ = {isa = PBXFileReference; explicitFileType = wrapper.cfbundle; includeInIndex = 0; path = DouYuZhiBoUITests.xctest; sourceTree = BUILT_PRODUCTS_DIR; };
		2725AC4D1DFD4FA200681145 /* DouYuZhiBoUITests.swift */ = {isa = PBXFileReference; lastKnownFileType = sourcecode.swift; path = DouYuZhiBoUITests.swift; sourceTree = "<group>"; };
		2725AC4F1DFD4FA200681145 /* Info.plist */ = {isa = PBXFileReference; lastKnownFileType = text.plist.xml; path = Info.plist; sourceTree = "<group>"; };
		2772D7331DFFC0BB00FB329E /* MainViewController.swift */ = {isa = PBXFileReference; fileEncoding = 4; lastKnownFileType = sourcecode.swift; path = MainViewController.swift; sourceTree = "<group>"; };
		2772D7401DFFC10F00FB329E /* HomeViewController.swift */ = {isa = PBXFileReference; fileEncoding = 4; lastKnownFileType = sourcecode.swift; path = HomeViewController.swift; sourceTree = "<group>"; };
		2772D7431DFFDBF300FB329E /* UIBarButtonItem-Extension.swift */ = {isa = PBXFileReference; fileEncoding = 4; lastKnownFileType = sourcecode.swift; path = "UIBarButtonItem-Extension.swift"; sourceTree = "<group>"; };
		2772D7471E002A1100FB329E /* Main.storyboard */ = {isa = PBXFileReference; fileEncoding = 4; lastKnownFileType = file.storyboard; path = Main.storyboard; sourceTree = "<group>"; };
		2772D7491E002A8C00FB329E /* Me.storyboard */ = {isa = PBXFileReference; fileEncoding = 4; lastKnownFileType = file.storyboard; path = Me.storyboard; sourceTree = "<group>"; };
		2772D74B1E002A9600FB329E /* Live.storyboard */ = {isa = PBXFileReference; fileEncoding = 4; lastKnownFileType = file.storyboard; path = Live.storyboard; sourceTree = "<group>"; };
		2772D74D1E002A9F00FB329E /* Follow.storyboard */ = {isa = PBXFileReference; fileEncoding = 4; lastKnownFileType = file.storyboard; path = Follow.storyboard; sourceTree = "<group>"; };
		2772D74F1E002AC500FB329E /* Home.storyboard */ = {isa = PBXFileReference; fileEncoding = 4; lastKnownFileType = file.storyboard; path = Home.storyboard; sourceTree = "<group>"; };
		2793BAA11E1B941100D98E92 /* NSDate-Extension.swift */ = {isa = PBXFileReference; fileEncoding = 4; lastKnownFileType = sourcecode.swift; path = "NSDate-Extension.swift"; sourceTree = "<group>"; };
		2793BAA31E1B970800D98E92 /* AnchorGroup.swift */ = {isa = PBXFileReference; fileEncoding = 4; lastKnownFileType = sourcecode.swift; path = AnchorGroup.swift; sourceTree = "<group>"; };
		2793BAA51E1C2E3B00D98E92 /* AnchorModel.swift */ = {isa = PBXFileReference; fileEncoding = 4; lastKnownFileType = sourcecode.swift; path = AnchorModel.swift; sourceTree = "<group>"; };
		2793BAA71E1CD1F700D98E92 /* CollectionBaseCell.swift */ = {isa = PBXFileReference; fileEncoding = 4; lastKnownFileType = sourcecode.swift; path = CollectionBaseCell.swift; sourceTree = "<group>"; };
		2793BAA91E1CE0D700D98E92 /* RecommendCycleView.swift */ = {isa = PBXFileReference; fileEncoding = 4; lastKnownFileType = sourcecode.swift; path = RecommendCycleView.swift; sourceTree = "<group>"; };
		27A43F741E20B94C001AC2CD /* CycleModel.swift */ = {isa = PBXFileReference; fileEncoding = 4; lastKnownFileType = sourcecode.swift; path = CycleModel.swift; sourceTree = "<group>"; };
		27A43F761E20BF18001AC2CD /* CollectionViewCycleCell.swift */ = {isa = PBXFileReference; fileEncoding = 4; lastKnownFileType = sourcecode.swift; path = CollectionViewCycleCell.swift; sourceTree = "<group>"; };
		27A43F771E20BF18001AC2CD /* CollectionViewCycleCell.xib */ = {isa = PBXFileReference; fileEncoding = 4; lastKnownFileType = file.xib; path = CollectionViewCycleCell.xib; sourceTree = "<group>"; };
		27A43F7A1E210A0D001AC2CD /* RecommendGameView.swift */ = {isa = PBXFileReference; fileEncoding = 4; lastKnownFileType = sourcecode.swift; path = RecommendGameView.swift; sourceTree = "<group>"; };
		27A43F7C1E212B8D001AC2CD /* CollectionViewGameCell.swift */ = {isa = PBXFileReference; fileEncoding = 4; lastKnownFileType = sourcecode.swift; path = CollectionViewGameCell.swift; sourceTree = "<group>"; };
		27A43F7D1E212B8D001AC2CD /* CollectionViewGameCell.xib */ = {isa = PBXFileReference; fileEncoding = 4; lastKnownFileType = file.xib; path = CollectionViewGameCell.xib; sourceTree = "<group>"; };
		27AC11C91E01743F00EE6AE2 /* PageTitleView.swift */ = {isa = PBXFileReference; fileEncoding = 4; lastKnownFileType = sourcecode.swift; path = PageTitleView.swift; sourceTree = "<group>"; };
		27AC11CB1E0177DD00EE6AE2 /* Common.swift */ = {isa = PBXFileReference; fileEncoding = 4; lastKnownFileType = sourcecode.swift; path = Common.swift; sourceTree = "<group>"; };
		27BFB9631E02650A00A3ADA6 /* UIColor-Extension.swift */ = {isa = PBXFileReference; fileEncoding = 4; lastKnownFileType = sourcecode.swift; path = "UIColor-Extension.swift"; sourceTree = "<group>"; };
		27BFB9651E0265B200A3ADA6 /* PageContentView.swift */ = {isa = PBXFileReference; fileEncoding = 4; lastKnownFileType = sourcecode.swift; path = PageContentView.swift; sourceTree = "<group>"; };
		27EEFC101E17622100612F43 /* RecommendViewController.swift */ = {isa = PBXFileReference; fileEncoding = 4; lastKnownFileType = sourcecode.swift; path = RecommendViewController.swift; sourceTree = "<group>"; };
		27F951921E179383003078E5 /* CollectionPrettyFaceCell.swift */ = {isa = PBXFileReference; fileEncoding = 4; lastKnownFileType = sourcecode.swift; path = CollectionPrettyFaceCell.swift; sourceTree = "<group>"; };
		27F951941E17A9C6003078E5 /* CollectionNormalCell.swift */ = {isa = PBXFileReference; fileEncoding = 4; lastKnownFileType = sourcecode.swift; path = CollectionNormalCell.swift; sourceTree = "<group>"; };
		27F951961E17B4D3003078E5 /* CollectionHeaderView.swift */ = {isa = PBXFileReference; fileEncoding = 4; lastKnownFileType = sourcecode.swift; path = CollectionHeaderView.swift; sourceTree = "<group>"; };
		27F951981E17EEE5003078E5 /* NetWorkingTool.swift */ = {isa = PBXFileReference; fileEncoding = 4; lastKnownFileType = sourcecode.swift; path = NetWorkingTool.swift; sourceTree = "<group>"; };
/* End PBXFileReference section */

/* Begin PBXFrameworksBuildPhase section */
		2725AC271DFD4FA200681145 /* Frameworks */ = {
			isa = PBXFrameworksBuildPhase;
			buildActionMask = 2147483647;
			files = (
				2E48C543ECC1CDC9BCC1BBFC /* Pods_DouYuZhiBo.framework in Frameworks */,
			);
			runOnlyForDeploymentPostprocessing = 0;
		};
		2725AC3B1DFD4FA200681145 /* Frameworks */ = {
			isa = PBXFrameworksBuildPhase;
			buildActionMask = 2147483647;
			files = (
			);
			runOnlyForDeploymentPostprocessing = 0;
		};
		2725AC461DFD4FA200681145 /* Frameworks */ = {
			isa = PBXFrameworksBuildPhase;
			buildActionMask = 2147483647;
			files = (
			);
			runOnlyForDeploymentPostprocessing = 0;
		};
/* End PBXFrameworksBuildPhase section */

/* Begin PBXGroup section */
		270831DF1E1B839C0013FC70 /* ViewModel */ = {
			isa = PBXGroup;
			children = (
			);
			path = ViewModel;
			sourceTree = "<group>";
		};
		270831E01E1B83A30013FC70 /* ViewModel */ = {
			isa = PBXGroup;
			children = (
				270831E41E1B840E0013FC70 /* RecommendViewModel.swift */,
			);
			path = ViewModel;
			sourceTree = "<group>";
		};
		270831E11E1B83AA0013FC70 /* ViewModel */ = {
			isa = PBXGroup;
			children = (
			);
			path = ViewModel;
			sourceTree = "<group>";
		};
		270831E21E1B83B00013FC70 /* ViewModel */ = {
			isa = PBXGroup;
			children = (
			);
			path = ViewModel;
			sourceTree = "<group>";
		};
		270831E31E1B83B80013FC70 /* ViewModel */ = {
			isa = PBXGroup;
			children = (
			);
			path = ViewModel;
			sourceTree = "<group>";
		};
		2725AC211DFD4FA200681145 = {
			isa = PBXGroup;
			children = (
				2725AC2C1DFD4FA200681145 /* DouYuZhiBo */,
				2725AC411DFD4FA200681145 /* DouYuZhiBoTests */,
				2725AC4C1DFD4FA200681145 /* DouYuZhiBoUITests */,
				2725AC2B1DFD4FA200681145 /* Products */,
				440E86436935B2DF7453F755 /* Pods */,
				DA5743DDD128DAD891E69B12 /* Frameworks */,
			);
			sourceTree = "<group>";
		};
		2725AC2B1DFD4FA200681145 /* Products */ = {
			isa = PBXGroup;
			children = (
				2725AC2A1DFD4FA200681145 /* DouYuZhiBo.app */,
				2725AC3E1DFD4FA200681145 /* DouYuZhiBoTests.xctest */,
				2725AC491DFD4FA200681145 /* DouYuZhiBoUITests.xctest */,
			);
			name = Products;
			sourceTree = "<group>";
		};
		2725AC2C1DFD4FA200681145 /* DouYuZhiBo */ = {
			isa = PBXGroup;
			children = (
				2725AC2D1DFD4FA200681145 /* AppDelegate.swift */,
				2772D7031DFF975F00FB329E /* Classes */,
				2772D7091DFF975F00FB329E /* Other */,
				2725AC341DFD4FA200681145 /* Assets.xcassets */,
				2725AC391DFD4FA200681145 /* Info.plist */,
			);
			path = DouYuZhiBo;
			sourceTree = "<group>";
		};
		2725AC411DFD4FA200681145 /* DouYuZhiBoTests */ = {
			isa = PBXGroup;
			children = (
				2725AC441DFD4FA200681145 /* Info.plist */,
			);
			path = DouYuZhiBoTests;
			sourceTree = "<group>";
		};
		2725AC4C1DFD4FA200681145 /* DouYuZhiBoUITests */ = {
			isa = PBXGroup;
			children = (
				2725AC4D1DFD4FA200681145 /* DouYuZhiBoUITests.swift */,
				2725AC4F1DFD4FA200681145 /* Info.plist */,
			);
			path = DouYuZhiBoUITests;
			sourceTree = "<group>";
		};
		2772D7031DFF975F00FB329E /* Classes */ = {
			isa = PBXGroup;
			children = (
				2772D7071DFF975F00FB329E /* Main */,
				2772D7051DFF975F00FB329E /* Home */,
				2772D7061DFF975F00FB329E /* Live */,
				2772D7041DFF975F00FB329E /* Follow */,
				2772D7081DFF975F00FB329E /* Me */,
			);
			path = Classes;
			sourceTree = "<group>";
		};
		2772D7041DFF975F00FB329E /* Follow */ = {
			isa = PBXGroup;
			children = (
				270831DF1E1B839C0013FC70 /* ViewModel */,
				2772D73D1DFFC0D600FB329E /* Controller */,
				2772D73E1DFFC0D600FB329E /* Model */,
				2772D73F1DFFC0D600FB329E /* View */,
			);
			path = Follow;
			sourceTree = "<group>";
		};
		2772D7051DFF975F00FB329E /* Home */ = {
			isa = PBXGroup;
			children = (
				270831E01E1B83A30013FC70 /* ViewModel */,
				2772D7371DFFC0C700FB329E /* Controller */,
				2772D7381DFFC0C700FB329E /* Model */,
				2772D7391DFFC0C700FB329E /* View */,
			);
			path = Home;
			sourceTree = "<group>";
		};
		2772D7061DFF975F00FB329E /* Live */ = {
			isa = PBXGroup;
			children = (
				270831E11E1B83AA0013FC70 /* ViewModel */,
				2772D73A1DFFC0CF00FB329E /* Controller */,
				2772D73B1DFFC0CF00FB329E /* Model */,
				2772D73C1DFFC0CF00FB329E /* View */,
			);
			path = Live;
			sourceTree = "<group>";
		};
		2772D7071DFF975F00FB329E /* Main */ = {
			isa = PBXGroup;
			children = (
				270831E21E1B83B00013FC70 /* ViewModel */,
				2772D7321DFFC0BB00FB329E /* Controller */,
				2772D7341DFFC0BB00FB329E /* Model */,
				2772D7351DFFC0BB00FB329E /* View */,
			);
			path = Main;
			sourceTree = "<group>";
		};
		2772D7081DFF975F00FB329E /* Me */ = {
			isa = PBXGroup;
			children = (
				270831E31E1B83B80013FC70 /* ViewModel */,
				2772D72F1DFFC0AD00FB329E /* Controller */,
				2772D7301DFFC0AD00FB329E /* Model */,
				2772D7311DFFC0AD00FB329E /* View */,
			);
			path = Me;
			sourceTree = "<group>";
		};
		2772D7091DFF975F00FB329E /* Other */ = {
			isa = PBXGroup;
			children = (
				2772D7421DFFDAE000FB329E /* Extension */,
				2772D70C1DFF975F00FB329E /* NetWork */,
				27AC11CB1E0177DD00EE6AE2 /* Common.swift */,
			);
			path = Other;
			sourceTree = "<group>";
		};
		2772D70C1DFF975F00FB329E /* NetWork */ = {
			isa = PBXGroup;
			children = (
				27F951981E17EEE5003078E5 /* NetWorkingTool.swift */,
			);
			path = NetWork;
			sourceTree = "<group>";
		};
		2772D72F1DFFC0AD00FB329E /* Controller */ = {
			isa = PBXGroup;
			children = (
				2772D7491E002A8C00FB329E /* Me.storyboard */,
			);
			path = Controller;
			sourceTree = "<group>";
		};
		2772D7301DFFC0AD00FB329E /* Model */ = {
			isa = PBXGroup;
			children = (
			);
			path = Model;
			sourceTree = "<group>";
		};
		2772D7311DFFC0AD00FB329E /* View */ = {
			isa = PBXGroup;
			children = (
			);
			path = View;
			sourceTree = "<group>";
		};
		2772D7321DFFC0BB00FB329E /* Controller */ = {
			isa = PBXGroup;
			children = (
				2772D7471E002A1100FB329E /* Main.storyboard */,
				2772D7331DFFC0BB00FB329E /* MainViewController.swift */,
			);
			path = Controller;
			sourceTree = "<group>";
		};
		2772D7341DFFC0BB00FB329E /* Model */ = {
			isa = PBXGroup;
			children = (
				2793BAA31E1B970800D98E92 /* AnchorGroup.swift */,
				2793BAA51E1C2E3B00D98E92 /* AnchorModel.swift */,
			);
			path = Model;
			sourceTree = "<group>";
		};
		2772D7351DFFC0BB00FB329E /* View */ = {
			isa = PBXGroup;
			children = (
				27AC11C91E01743F00EE6AE2 /* PageTitleView.swift */,
				27BFB9651E0265B200A3ADA6 /* PageContentView.swift */,
				27F951921E179383003078E5 /* CollectionPrettyFaceCell.swift */,
				27F951941E17A9C6003078E5 /* CollectionNormalCell.swift */,
				2793BAA71E1CD1F700D98E92 /* CollectionBaseCell.swift */,
			);
			path = View;
			sourceTree = "<group>";
		};
		2772D7371DFFC0C700FB329E /* Controller */ = {
			isa = PBXGroup;
			children = (
				2772D74F1E002AC500FB329E /* Home.storyboard */,
				2772D7401DFFC10F00FB329E /* HomeViewController.swift */,
				27EEFC101E17622100612F43 /* RecommendViewController.swift */,
			);
			path = Controller;
			sourceTree = "<group>";
		};
		2772D7381DFFC0C700FB329E /* Model */ = {
			isa = PBXGroup;
			children = (
				27A43F741E20B94C001AC2CD /* CycleModel.swift */,
			);
			path = Model;
			sourceTree = "<group>";
		};
		2772D7391DFFC0C700FB329E /* View */ = {
			isa = PBXGroup;
			children = (
				27F951961E17B4D3003078E5 /* CollectionHeaderView.swift */,
				2793BAA91E1CE0D700D98E92 /* RecommendCycleView.swift */,
				27A43F761E20BF18001AC2CD /* CollectionViewCycleCell.swift */,
				27A43F771E20BF18001AC2CD /* CollectionViewCycleCell.xib */,
				27A43F7A1E210A0D001AC2CD /* RecommendGameView.swift */,
				27A43F7C1E212B8D001AC2CD /* CollectionViewGameCell.swift */,
				27A43F7D1E212B8D001AC2CD /* CollectionViewGameCell.xib */,
			);
			path = View;
			sourceTree = "<group>";
		};
		2772D73A1DFFC0CF00FB329E /* Controller */ = {
			isa = PBXGroup;
			children = (
				2772D74B1E002A9600FB329E /* Live.storyboard */,
			);
			path = Controller;
			sourceTree = "<group>";
		};
		2772D73B1DFFC0CF00FB329E /* Model */ = {
			isa = PBXGroup;
			children = (
			);
			path = Model;
			sourceTree = "<group>";
		};
		2772D73C1DFFC0CF00FB329E /* View */ = {
			isa = PBXGroup;
			children = (
			);
			path = View;
			sourceTree = "<group>";
		};
		2772D73D1DFFC0D600FB329E /* Controller */ = {
			isa = PBXGroup;
			children = (
				2772D74D1E002A9F00FB329E /* Follow.storyboard */,
			);
			path = Controller;
			sourceTree = "<group>";
		};
		2772D73E1DFFC0D600FB329E /* Model */ = {
			isa = PBXGroup;
			children = (
			);
			path = Model;
			sourceTree = "<group>";
		};
		2772D73F1DFFC0D600FB329E /* View */ = {
			isa = PBXGroup;
			children = (
			);
			path = View;
			sourceTree = "<group>";
		};
		2772D7421DFFDAE000FB329E /* Extension */ = {
			isa = PBXGroup;
			children = (
				2772D7431DFFDBF300FB329E /* UIBarButtonItem-Extension.swift */,
				27BFB9631E02650A00A3ADA6 /* UIColor-Extension.swift */,
				2793BAA11E1B941100D98E92 /* NSDate-Extension.swift */,
			);
			path = Extension;
			sourceTree = "<group>";
		};
		440E86436935B2DF7453F755 /* Pods */ = {
			isa = PBXGroup;
			children = (
				23BF8308054DBB7EA9563E90 /* Pods-DouYuZhiBo.debug.xcconfig */,
				25CC615CFEE2B392E468D4F6 /* Pods-DouYuZhiBo.release.xcconfig */,
			);
			name = Pods;
			sourceTree = "<group>";
		};
		DA5743DDD128DAD891E69B12 /* Frameworks */ = {
			isa = PBXGroup;
			children = (
				05B1D74B214E9839B04A1109 /* Pods_DouYuZhiBo.framework */,
			);
			name = Frameworks;
			sourceTree = "<group>";
		};
/* End PBXGroup section */

/* Begin PBXNativeTarget section */
		2725AC291DFD4FA200681145 /* DouYuZhiBo */ = {
			isa = PBXNativeTarget;
			buildConfigurationList = 2725AC521DFD4FA200681145 /* Build configuration list for PBXNativeTarget "DouYuZhiBo" */;
			buildPhases = (
				F2BAB8D63FD9AE8DF67657CD /* [CP] Check Pods Manifest.lock */,
				2725AC261DFD4FA200681145 /* Sources */,
				2725AC271DFD4FA200681145 /* Frameworks */,
				2725AC281DFD4FA200681145 /* Resources */,
				91820321EF2D9B9DDF125944 /* [CP] Embed Pods Frameworks */,
				9E46F4E8D7E9D8E9004A174C /* [CP] Copy Pods Resources */,
			);
			buildRules = (
			);
			dependencies = (
			);
			name = DouYuZhiBo;
			productName = DouYuZhiBo;
			productReference = 2725AC2A1DFD4FA200681145 /* DouYuZhiBo.app */;
			productType = "com.apple.product-type.application";
		};
		2725AC3D1DFD4FA200681145 /* DouYuZhiBoTests */ = {
			isa = PBXNativeTarget;
			buildConfigurationList = 2725AC551DFD4FA200681145 /* Build configuration list for PBXNativeTarget "DouYuZhiBoTests" */;
			buildPhases = (
				2725AC3A1DFD4FA200681145 /* Sources */,
				2725AC3B1DFD4FA200681145 /* Frameworks */,
				2725AC3C1DFD4FA200681145 /* Resources */,
			);
			buildRules = (
			);
			dependencies = (
				2725AC401DFD4FA200681145 /* PBXTargetDependency */,
			);
			name = DouYuZhiBoTests;
			productName = DouYuZhiBoTests;
			productReference = 2725AC3E1DFD4FA200681145 /* DouYuZhiBoTests.xctest */;
			productType = "com.apple.product-type.bundle.unit-test";
		};
		2725AC481DFD4FA200681145 /* DouYuZhiBoUITests */ = {
			isa = PBXNativeTarget;
			buildConfigurationList = 2725AC581DFD4FA200681145 /* Build configuration list for PBXNativeTarget "DouYuZhiBoUITests" */;
			buildPhases = (
				2725AC451DFD4FA200681145 /* Sources */,
				2725AC461DFD4FA200681145 /* Frameworks */,
				2725AC471DFD4FA200681145 /* Resources */,
			);
			buildRules = (
			);
			dependencies = (
				2725AC4B1DFD4FA200681145 /* PBXTargetDependency */,
			);
			name = DouYuZhiBoUITests;
			productName = DouYuZhiBoUITests;
			productReference = 2725AC491DFD4FA200681145 /* DouYuZhiBoUITests.xctest */;
			productType = "com.apple.product-type.bundle.ui-testing";
		};
/* End PBXNativeTarget section */

/* Begin PBXProject section */
		2725AC221DFD4FA200681145 /* Project object */ = {
			isa = PBXProject;
			attributes = {
				LastSwiftUpdateCheck = 0810;
				LastUpgradeCheck = 0810;
				ORGANIZATIONNAME = Zaki;
				TargetAttributes = {
					2725AC291DFD4FA200681145 = {
						CreatedOnToolsVersion = 8.1;
						DevelopmentTeam = 5J4983VAR8;
						LastSwiftMigration = 0810;
						ProvisioningStyle = Automatic;
					};
					2725AC3D1DFD4FA200681145 = {
						CreatedOnToolsVersion = 8.1;
						LastSwiftMigration = 0810;
						ProvisioningStyle = Automatic;
						TestTargetID = 2725AC291DFD4FA200681145;
					};
					2725AC481DFD4FA200681145 = {
						CreatedOnToolsVersion = 8.1;
						LastSwiftMigration = 0810;
						ProvisioningStyle = Automatic;
						TestTargetID = 2725AC291DFD4FA200681145;
					};
				};
			};
			buildConfigurationList = 2725AC251DFD4FA200681145 /* Build configuration list for PBXProject "DouYuZhiBo" */;
			compatibilityVersion = "Xcode 3.2";
			developmentRegion = English;
			hasScannedForEncodings = 0;
			knownRegions = (
				en,
				Base,
			);
			mainGroup = 2725AC211DFD4FA200681145;
			productRefGroup = 2725AC2B1DFD4FA200681145 /* Products */;
			projectDirPath = "";
			projectRoot = "";
			targets = (
				2725AC291DFD4FA200681145 /* DouYuZhiBo */,
				2725AC3D1DFD4FA200681145 /* DouYuZhiBoTests */,
				2725AC481DFD4FA200681145 /* DouYuZhiBoUITests */,
			);
		};
/* End PBXProject section */

/* Begin PBXResourcesBuildPhase section */
		2725AC281DFD4FA200681145 /* Resources */ = {
			isa = PBXResourcesBuildPhase;
			buildActionMask = 2147483647;
			files = (
				2725AC351DFD4FA200681145 /* Assets.xcassets in Resources */,
				2772D74A1E002A8C00FB329E /* Me.storyboard in Resources */,
				2772D74C1E002A9600FB329E /* Live.storyboard in Resources */,
				2772D7501E002AC500FB329E /* Home.storyboard in Resources */,
				27A43F7F1E212B8D001AC2CD /* CollectionViewGameCell.xib in Resources */,
				2772D7481E002A1100FB329E /* Main.storyboard in Resources */,
				2772D74E1E002A9F00FB329E /* Follow.storyboard in Resources */,
				27A43F791E20BF18001AC2CD /* CollectionViewCycleCell.xib in Resources */,
			);
			runOnlyForDeploymentPostprocessing = 0;
		};
		2725AC3C1DFD4FA200681145 /* Resources */ = {
			isa = PBXResourcesBuildPhase;
			buildActionMask = 2147483647;
			files = (
			);
			runOnlyForDeploymentPostprocessing = 0;
		};
		2725AC471DFD4FA200681145 /* Resources */ = {
			isa = PBXResourcesBuildPhase;
			buildActionMask = 2147483647;
			files = (
			);
			runOnlyForDeploymentPostprocessing = 0;
		};
/* End PBXResourcesBuildPhase section */

/* Begin PBXShellScriptBuildPhase section */
		91820321EF2D9B9DDF125944 /* [CP] Embed Pods Frameworks */ = {
			isa = PBXShellScriptBuildPhase;
			buildActionMask = 2147483647;
			files = (
			);
			inputPaths = (
			);
			name = "[CP] Embed Pods Frameworks";
			outputPaths = (
			);
			runOnlyForDeploymentPostprocessing = 0;
			shellPath = /bin/sh;
			shellScript = "\"${SRCROOT}/Pods/Target Support Files/Pods-DouYuZhiBo/Pods-DouYuZhiBo-frameworks.sh\"\n";
			showEnvVarsInLog = 0;
		};
		9E46F4E8D7E9D8E9004A174C /* [CP] Copy Pods Resources */ = {
			isa = PBXShellScriptBuildPhase;
			buildActionMask = 2147483647;
			files = (
			);
			inputPaths = (
			);
			name = "[CP] Copy Pods Resources";
			outputPaths = (
			);
			runOnlyForDeploymentPostprocessing = 0;
			shellPath = /bin/sh;
			shellScript = "\"${SRCROOT}/Pods/Target Support Files/Pods-DouYuZhiBo/Pods-DouYuZhiBo-resources.sh\"\n";
			showEnvVarsInLog = 0;
		};
		F2BAB8D63FD9AE8DF67657CD /* [CP] Check Pods Manifest.lock */ = {
			isa = PBXShellScriptBuildPhase;
			buildActionMask = 2147483647;
			files = (
			);
			inputPaths = (
			);
			name = "[CP] Check Pods Manifest.lock";
			outputPaths = (
			);
			runOnlyForDeploymentPostprocessing = 0;
			shellPath = /bin/sh;
			shellScript = "diff \"${PODS_ROOT}/../Podfile.lock\" \"${PODS_ROOT}/Manifest.lock\" > /dev/null\nif [[ $? != 0 ]] ; then\n    cat << EOM\nerror: The sandbox is not in sync with the Podfile.lock. Run 'pod install' or update your CocoaPods installation.\nEOM\n    exit 1\nfi\n";
			showEnvVarsInLog = 0;
		};
/* End PBXShellScriptBuildPhase section */

/* Begin PBXSourcesBuildPhase section */
		2725AC261DFD4FA200681145 /* Sources */ = {
			isa = PBXSourcesBuildPhase;
			buildActionMask = 2147483647;
			files = (
				2793BAAA1E1CE0D700D98E92 /* RecommendCycleView.swift in Sources */,
				2725AC2E1DFD4FA200681145 /* AppDelegate.swift in Sources */,
				2772D7361DFFC0BB00FB329E /* MainViewController.swift in Sources */,
				27EEFC111E17622100612F43 /* RecommendViewController.swift in Sources */,
				27AC11CA1E01743F00EE6AE2 /* PageTitleView.swift in Sources */,
				2793BAA41E1B970800D98E92 /* AnchorGroup.swift in Sources */,
				27BFB9661E0265B200A3ADA6 /* PageContentView.swift in Sources */,
				2772D7441DFFDBF300FB329E /* UIBarButtonItem-Extension.swift in Sources */,
				27A43F751E20B94C001AC2CD /* CycleModel.swift in Sources */,
				27A43F781E20BF18001AC2CD /* CollectionViewCycleCell.swift in Sources */,
				27AC11CC1E0177DD00EE6AE2 /* Common.swift in Sources */,
				27BFB9641E02650A00A3ADA6 /* UIColor-Extension.swift in Sources */,
				27F951931E179383003078E5 /* CollectionPrettyFaceCell.swift in Sources */,
				27A43F7B1E210A0D001AC2CD /* RecommendGameView.swift in Sources */,
				27A43F7E1E212B8D001AC2CD /* CollectionViewGameCell.swift in Sources */,
				27F951991E17EEE5003078E5 /* NetWorkingTool.swift in Sources */,
				2793BAA21E1B941100D98E92 /* NSDate-Extension.swift in Sources */,
				2793BAA81E1CD1F700D98E92 /* CollectionBaseCell.swift in Sources */,
				27F951971E17B4D3003078E5 /* CollectionHeaderView.swift in Sources */,
				27F951951E17A9C6003078E5 /* CollectionNormalCell.swift in Sources */,
				2772D7411DFFC10F00FB329E /* HomeViewController.swift in Sources */,
				270831E51E1B840E0013FC70 /* RecommendViewModel.swift in Sources */,
				2793BAA61E1C2E3B00D98E92 /* AnchorModel.swift in Sources */,
			);
			runOnlyForDeploymentPostprocessing = 0;
		};
		2725AC3A1DFD4FA200681145 /* Sources */ = {
			isa = PBXSourcesBuildPhase;
			buildActionMask = 2147483647;
			files = (
			);
			runOnlyForDeploymentPostprocessing = 0;
		};
		2725AC451DFD4FA200681145 /* Sources */ = {
			isa = PBXSourcesBuildPhase;
			buildActionMask = 2147483647;
			files = (
				2725AC4E1DFD4FA200681145 /* DouYuZhiBoUITests.swift in Sources */,
			);
			runOnlyForDeploymentPostprocessing = 0;
		};
/* End PBXSourcesBuildPhase section */

/* Begin PBXTargetDependency section */
		2725AC401DFD4FA200681145 /* PBXTargetDependency */ = {
			isa = PBXTargetDependency;
			target = 2725AC291DFD4FA200681145 /* DouYuZhiBo */;
			targetProxy = 2725AC3F1DFD4FA200681145 /* PBXContainerItemProxy */;
		};
		2725AC4B1DFD4FA200681145 /* PBXTargetDependency */ = {
			isa = PBXTargetDependency;
			target = 2725AC291DFD4FA200681145 /* DouYuZhiBo */;
			targetProxy = 2725AC4A1DFD4FA200681145 /* PBXContainerItemProxy */;
		};
/* End PBXTargetDependency section */

/* Begin XCBuildConfiguration section */
		2725AC501DFD4FA200681145 /* Debug */ = {
			isa = XCBuildConfiguration;
			buildSettings = {
				ALWAYS_SEARCH_USER_PATHS = NO;
				CLANG_ANALYZER_NONNULL = YES;
				CLANG_CXX_LANGUAGE_STANDARD = "gnu++0x";
				CLANG_CXX_LIBRARY = "libc++";
				CLANG_ENABLE_MODULES = YES;
				CLANG_ENABLE_OBJC_ARC = YES;
				CLANG_WARN_BOOL_CONVERSION = YES;
				CLANG_WARN_CONSTANT_CONVERSION = YES;
				CLANG_WARN_DIRECT_OBJC_ISA_USAGE = YES_ERROR;
				CLANG_WARN_DOCUMENTATION_COMMENTS = YES;
				CLANG_WARN_EMPTY_BODY = YES;
				CLANG_WARN_ENUM_CONVERSION = YES;
				CLANG_WARN_INFINITE_RECURSION = YES;
				CLANG_WARN_INT_CONVERSION = YES;
				CLANG_WARN_OBJC_ROOT_CLASS = YES_ERROR;
				CLANG_WARN_SUSPICIOUS_MOVE = YES;
				CLANG_WARN_SUSPICIOUS_MOVES = YES;
				CLANG_WARN_UNREACHABLE_CODE = YES;
				CLANG_WARN__DUPLICATE_METHOD_MATCH = YES;
				"CODE_SIGN_IDENTITY[sdk=iphoneos*]" = "iPhone Developer";
				COPY_PHASE_STRIP = NO;
				DEBUG_INFORMATION_FORMAT = dwarf;
				ENABLE_STRICT_OBJC_MSGSEND = YES;
				ENABLE_TESTABILITY = YES;
				GCC_C_LANGUAGE_STANDARD = gnu99;
				GCC_DYNAMIC_NO_PIC = NO;
				GCC_NO_COMMON_BLOCKS = YES;
				GCC_OPTIMIZATION_LEVEL = 0;
				GCC_PREPROCESSOR_DEFINITIONS = (
					"DEBUG=1",
					"$(inherited)",
				);
				GCC_WARN_64_TO_32_BIT_CONVERSION = YES;
				GCC_WARN_ABOUT_RETURN_TYPE = YES_ERROR;
				GCC_WARN_UNDECLARED_SELECTOR = YES;
				GCC_WARN_UNINITIALIZED_AUTOS = YES_AGGRESSIVE;
				GCC_WARN_UNUSED_FUNCTION = YES;
				GCC_WARN_UNUSED_VARIABLE = YES;
				IPHONEOS_DEPLOYMENT_TARGET = 10.1;
				MTL_ENABLE_DEBUG_INFO = YES;
				ONLY_ACTIVE_ARCH = YES;
				SDKROOT = iphoneos;
				SWIFT_ACTIVE_COMPILATION_CONDITIONS = DEBUG;
				SWIFT_OPTIMIZATION_LEVEL = "-Onone";
				TARGETED_DEVICE_FAMILY = "1,2";
			};
			name = Debug;
		};
		2725AC511DFD4FA200681145 /* Release */ = {
			isa = XCBuildConfiguration;
			buildSettings = {
				ALWAYS_SEARCH_USER_PATHS = NO;
				CLANG_ANALYZER_NONNULL = YES;
				CLANG_CXX_LANGUAGE_STANDARD = "gnu++0x";
				CLANG_CXX_LIBRARY = "libc++";
				CLANG_ENABLE_MODULES = YES;
				CLANG_ENABLE_OBJC_ARC = YES;
				CLANG_WARN_BOOL_CONVERSION = YES;
				CLANG_WARN_CONSTANT_CONVERSION = YES;
				CLANG_WARN_DIRECT_OBJC_ISA_USAGE = YES_ERROR;
				CLANG_WARN_DOCUMENTATION_COMMENTS = YES;
				CLANG_WARN_EMPTY_BODY = YES;
				CLANG_WARN_ENUM_CONVERSION = YES;
				CLANG_WARN_INFINITE_RECURSION = YES;
				CLANG_WARN_INT_CONVERSION = YES;
				CLANG_WARN_OBJC_ROOT_CLASS = YES_ERROR;
				CLANG_WARN_SUSPICIOUS_MOVE = YES;
				CLANG_WARN_SUSPICIOUS_MOVES = YES;
				CLANG_WARN_UNREACHABLE_CODE = YES;
				CLANG_WARN__DUPLICATE_METHOD_MATCH = YES;
				"CODE_SIGN_IDENTITY[sdk=iphoneos*]" = "iPhone Developer";
				COPY_PHASE_STRIP = NO;
				DEBUG_INFORMATION_FORMAT = "dwarf-with-dsym";
				ENABLE_NS_ASSERTIONS = NO;
				ENABLE_STRICT_OBJC_MSGSEND = YES;
				GCC_C_LANGUAGE_STANDARD = gnu99;
				GCC_NO_COMMON_BLOCKS = YES;
				GCC_WARN_64_TO_32_BIT_CONVERSION = YES;
				GCC_WARN_ABOUT_RETURN_TYPE = YES_ERROR;
				GCC_WARN_UNDECLARED_SELECTOR = YES;
				GCC_WARN_UNINITIALIZED_AUTOS = YES_AGGRESSIVE;
				GCC_WARN_UNUSED_FUNCTION = YES;
				GCC_WARN_UNUSED_VARIABLE = YES;
				IPHONEOS_DEPLOYMENT_TARGET = 10.1;
				MTL_ENABLE_DEBUG_INFO = NO;
				SDKROOT = iphoneos;
				SWIFT_OPTIMIZATION_LEVEL = "-Owholemodule";
				TARGETED_DEVICE_FAMILY = "1,2";
				VALIDATE_PRODUCT = YES;
			};
			name = Release;
		};
		2725AC531DFD4FA200681145 /* Debug */ = {
			isa = XCBuildConfiguration;
			baseConfigurationReference = 23BF8308054DBB7EA9563E90 /* Pods-DouYuZhiBo.debug.xcconfig */;
			buildSettings = {
				ALWAYS_EMBED_SWIFT_STANDARD_LIBRARIES = YES;
				ASSETCATALOG_COMPILER_APPICON_NAME = AppIcon;
				ASSETCATALOG_COMPILER_LAUNCHIMAGE_NAME = LaunchImage;
				DEVELOPMENT_TEAM = 5J4983VAR8;
				INFOPLIST_FILE = DouYuZhiBo/Info.plist;
				IPHONEOS_DEPLOYMENT_TARGET = 9.0;
				LD_RUNPATH_SEARCH_PATHS = "$(inherited) @executable_path/Frameworks";
				PRODUCT_BUNDLE_IDENTIFIER = Zhong.DouYuZhiBo;
				PRODUCT_NAME = "$(TARGET_NAME)";
				SWIFT_VERSION = 3.0.1;
				TARGETED_DEVICE_FAMILY = 1;
			};
			name = Debug;
		};
		2725AC541DFD4FA200681145 /* Release */ = {
			isa = XCBuildConfiguration;
			baseConfigurationReference = 25CC615CFEE2B392E468D4F6 /* Pods-DouYuZhiBo.release.xcconfig */;
			buildSettings = {
				ALWAYS_EMBED_SWIFT_STANDARD_LIBRARIES = YES;
				ASSETCATALOG_COMPILER_APPICON_NAME = AppIcon;
				ASSETCATALOG_COMPILER_LAUNCHIMAGE_NAME = LaunchImage;
				DEVELOPMENT_TEAM = 5J4983VAR8;
				INFOPLIST_FILE = DouYuZhiBo/Info.plist;
				IPHONEOS_DEPLOYMENT_TARGET = 9.0;
				LD_RUNPATH_SEARCH_PATHS = "$(inherited) @executable_path/Frameworks";
				PRODUCT_BUNDLE_IDENTIFIER = Zhong.DouYuZhiBo;
				PRODUCT_NAME = "$(TARGET_NAME)";
				SWIFT_VERSION = 3.0.1;
				TARGETED_DEVICE_FAMILY = 1;
			};
			name = Release;
		};
		2725AC561DFD4FA200681145 /* Debug */ = {
			isa = XCBuildConfiguration;
			buildSettings = {
				ALWAYS_EMBED_SWIFT_STANDARD_LIBRARIES = YES;
				BUNDLE_LOADER = "$(TEST_HOST)";
				INFOPLIST_FILE = DouYuZhiBoTests/Info.plist;
				LD_RUNPATH_SEARCH_PATHS = "$(inherited) @executable_path/Frameworks @loader_path/Frameworks";
				PRODUCT_BUNDLE_IDENTIFIER = Zhong.DouYuZhiBoTests;
				PRODUCT_NAME = "$(TARGET_NAME)";
				SWIFT_VERSION = 3.0;
				TEST_HOST = "$(BUILT_PRODUCTS_DIR)/DouYuZhiBo.app/DouYuZhiBo";
			};
			name = Debug;
		};
		2725AC571DFD4FA200681145 /* Release */ = {
			isa = XCBuildConfiguration;
			buildSettings = {
				ALWAYS_EMBED_SWIFT_STANDARD_LIBRARIES = YES;
				BUNDLE_LOADER = "$(TEST_HOST)";
				INFOPLIST_FILE = DouYuZhiBoTests/Info.plist;
				LD_RUNPATH_SEARCH_PATHS = "$(inherited) @executable_path/Frameworks @loader_path/Frameworks";
				PRODUCT_BUNDLE_IDENTIFIER = Zhong.DouYuZhiBoTests;
				PRODUCT_NAME = "$(TARGET_NAME)";
				SWIFT_VERSION = 3.0;
				TEST_HOST = "$(BUILT_PRODUCTS_DIR)/DouYuZhiBo.app/DouYuZhiBo";
			};
			name = Release;
		};
		2725AC591DFD4FA200681145 /* Debug */ = {
			isa = XCBuildConfiguration;
			buildSettings = {
				ALWAYS_EMBED_SWIFT_STANDARD_LIBRARIES = YES;
				INFOPLIST_FILE = DouYuZhiBoUITests/Info.plist;
				LD_RUNPATH_SEARCH_PATHS = "$(inherited) @executable_path/Frameworks @loader_path/Frameworks";
				PRODUCT_BUNDLE_IDENTIFIER = Zhong.DouYuZhiBoUITests;
				PRODUCT_NAME = "$(TARGET_NAME)";
				SWIFT_VERSION = 3.0;
				TEST_TARGET_NAME = DouYuZhiBo;
			};
			name = Debug;
		};
		2725AC5A1DFD4FA200681145 /* Release */ = {
			isa = XCBuildConfiguration;
			buildSettings = {
				ALWAYS_EMBED_SWIFT_STANDARD_LIBRARIES = YES;
				INFOPLIST_FILE = DouYuZhiBoUITests/Info.plist;
				LD_RUNPATH_SEARCH_PATHS = "$(inherited) @executable_path/Frameworks @loader_path/Frameworks";
				PRODUCT_BUNDLE_IDENTIFIER = Zhong.DouYuZhiBoUITests;
				PRODUCT_NAME = "$(TARGET_NAME)";
				SWIFT_VERSION = 3.0;
				TEST_TARGET_NAME = DouYuZhiBo;
			};
			name = Release;
		};
/* End XCBuildConfiguration section */

/* Begin XCConfigurationList section */
		2725AC251DFD4FA200681145 /* Build configuration list for PBXProject "DouYuZhiBo" */ = {
			isa = XCConfigurationList;
			buildConfigurations = (
				2725AC501DFD4FA200681145 /* Debug */,
				2725AC511DFD4FA200681145 /* Release */,
			);
			defaultConfigurationIsVisible = 0;
			defaultConfigurationName = Release;
		};
		2725AC521DFD4FA200681145 /* Build configuration list for PBXNativeTarget "DouYuZhiBo" */ = {
			isa = XCConfigurationList;
			buildConfigurations = (
				2725AC531DFD4FA200681145 /* Debug */,
				2725AC541DFD4FA200681145 /* Release */,
			);
			defaultConfigurationIsVisible = 0;
			defaultConfigurationName = Release;
		};
		2725AC551DFD4FA200681145 /* Build configuration list for PBXNativeTarget "DouYuZhiBoTests" */ = {
			isa = XCConfigurationList;
			buildConfigurations = (
				2725AC561DFD4FA200681145 /* Debug */,
				2725AC571DFD4FA200681145 /* Release */,
			);
			defaultConfigurationIsVisible = 0;
			defaultConfigurationName = Release;
		};
		2725AC581DFD4FA200681145 /* Build configuration list for PBXNativeTarget "DouYuZhiBoUITests" */ = {
			isa = XCConfigurationList;
			buildConfigurations = (
				2725AC591DFD4FA200681145 /* Debug */,
				2725AC5A1DFD4FA200681145 /* Release */,
			);
			defaultConfigurationIsVisible = 0;
			defaultConfigurationName = Release;
		};
/* End XCConfigurationList section */
	};
	rootObject = 2725AC221DFD4FA200681145 /* Project object */;
}
